// !$*UTF8*$!
{
	archiveVersion = 1;
	classes = {
	};
	objectVersion = 46;
	objects = {

/* Begin PBXBuildFile section */
		DEB44B791922AA1E000B7DD0 /* Default.png in Resources */ = {isa = PBXBuildFile; fileRef = DEB44B781922AA1E000B7DD0 /* Default.png */; };
		DEB44B851923DF94000B7DD0 /* AudioToolbox.framework in Frameworks */ = {isa = PBXBuildFile; fileRef = DEB44B841923DF94000B7DD0 /* AudioToolbox.framework */; };
		DEB44B861923E87D000B7DD0 /* 1_bot_oct.caf in Resources */ = {isa = PBXBuildFile; fileRef = DEB44B7B1923DB3C000B7DD0 /* 1_bot_oct.caf */; };
		DEB44B871923E87D000B7DD0 /* 1_top_oct.caf in Resources */ = {isa = PBXBuildFile; fileRef = DEB44B7C1923DB3C000B7DD0 /* 1_top_oct.caf */; };
		DEB44B881923E87D000B7DD0 /* 4_bot_oct.caf in Resources */ = {isa = PBXBuildFile; fileRef = DEB44B7D1923DB3C000B7DD0 /* 4_bot_oct.caf */; };
		DEB44B891923E87D000B7DD0 /* 4_top_oct.caf in Resources */ = {isa = PBXBuildFile; fileRef = DEB44B7E1923DB3C000B7DD0 /* 4_top_oct.caf */; };
		DEB44B8A1923E87D000B7DD0 /* 7_bot_oct.caf in Resources */ = {isa = PBXBuildFile; fileRef = DEB44B7F1923DB3C000B7DD0 /* 7_bot_oct.caf */; };
		DEB44B8B1923E87D000B7DD0 /* 7_top_oct.caf in Resources */ = {isa = PBXBuildFile; fileRef = DEB44B801923DB3C000B7DD0 /* 7_top_oct.caf */; };
		DEB44B8C1923E87D000B7DD0 /* 11_bot_oct.caf in Resources */ = {isa = PBXBuildFile; fileRef = DEB44B811923DB3C000B7DD0 /* 11_bot_oct.caf */; };
		DEB44B8D1923E87D000B7DD0 /* 11_top_oct.caf in Resources */ = {isa = PBXBuildFile; fileRef = DEB44B821923DB3C000B7DD0 /* 11_top_oct.caf */; };
		DEB44B8E1923E87D000B7DD0 /* background_drone.caf in Resources */ = {isa = PBXBuildFile; fileRef = DEB44B831923DB3C000B7DD0 /* background_drone.caf */; };
		DEB44B901923E984000B7DD0 /* AVFoundation.framework in Frameworks */ = {isa = PBXBuildFile; fileRef = DEB44B8F1923E984000B7DD0 /* AVFoundation.framework */; };
		DEB44B9519241A71000B7DD0 /* bottomBtn.caf in Resources */ = {isa = PBXBuildFile; fileRef = DEB44B9419241A65000B7DD0 /* bottomBtn.caf */; };
		DEB44B99192434D3000B7DD0 /* emotional_50x50.png in Resources */ = {isa = PBXBuildFile; fileRef = DEB44B96192434D3000B7DD0 /* emotional_50x50.png */; };
		DEB44B9A192434D3000B7DD0 /* intel_50x50.png in Resources */ = {isa = PBXBuildFile; fileRef = DEB44B97192434D3000B7DD0 /* intel_50x50.png */; };
		DEB44B9B192434D3000B7DD0 /* physical_50x50.png in Resources */ = {isa = PBXBuildFile; fileRef = DEB44B98192434D3000B7DD0 /* physical_50x50.png */; };
		DEB44B9D192477BC000B7DD0 /* icon.png in Resources */ = {isa = PBXBuildFile; fileRef = DEB44B9C192477BC000B7DD0 /* icon.png */; };
		DEFE457519218736001EC193 /* Foundation.framework in Frameworks */ = {isa = PBXBuildFile; fileRef = DEFE457419218736001EC193 /* Foundation.framework */; };
		DEFE457719218736001EC193 /* CoreGraphics.framework in Frameworks */ = {isa = PBXBuildFile; fileRef = DEFE457619218736001EC193 /* CoreGraphics.framework */; };
		DEFE457919218736001EC193 /* UIKit.framework in Frameworks */ = {isa = PBXBuildFile; fileRef = DEFE457819218736001EC193 /* UIKit.framework */; };
		DEFE457F19218736001EC193 /* InfoPlist.strings in Resources */ = {isa = PBXBuildFile; fileRef = DEFE457D19218736001EC193 /* InfoPlist.strings */; };
		DEFE458119218736001EC193 /* main.m in Sources */ = {isa = PBXBuildFile; fileRef = DEFE458019218736001EC193 /* main.m */; };
		DEFE458519218736001EC193 /* NATAppDelegate.m in Sources */ = {isa = PBXBuildFile; fileRef = DEFE458419218736001EC193 /* NATAppDelegate.m */; };
		DEFE458819218736001EC193 /* Main.storyboard in Resources */ = {isa = PBXBuildFile; fileRef = DEFE458619218736001EC193 /* Main.storyboard */; };
		DEFE458B19218736001EC193 /* NATViewController.m in Sources */ = {isa = PBXBuildFile; fileRef = DEFE458A19218736001EC193 /* NATViewController.m */; };
		DEFE458D19218736001EC193 /* Images.xcassets in Resources */ = {isa = PBXBuildFile; fileRef = DEFE458C19218736001EC193 /* Images.xcassets */; };
		DEFE459419218736001EC193 /* XCTest.framework in Frameworks */ = {isa = PBXBuildFile; fileRef = DEFE459319218736001EC193 /* XCTest.framework */; };
		DEFE459519218736001EC193 /* Foundation.framework in Frameworks */ = {isa = PBXBuildFile; fileRef = DEFE457419218736001EC193 /* Foundation.framework */; };
		DEFE459619218736001EC193 /* UIKit.framework in Frameworks */ = {isa = PBXBuildFile; fileRef = DEFE457819218736001EC193 /* UIKit.framework */; };
		DEFE459E19218736001EC193 /* InfoPlist.strings in Resources */ = {isa = PBXBuildFile; fileRef = DEFE459C19218736001EC193 /* InfoPlist.strings */; };
		DEFE45A019218736001EC193 /* biorhythmTests.m in Sources */ = {isa = PBXBuildFile; fileRef = DEFE459F19218736001EC193 /* biorhythmTests.m */; };
		DEFE45B41921CEF2001EC193 /* Biorhythm_spash_640x960.png in Resources */ = {isa = PBXBuildFile; fileRef = DEFE45B21921CEF2001EC193 /* Biorhythm_spash_640x960.png */; };
		DEFE45B51921CEF2001EC193 /* Biorhythm_spash_640x1136.png in Resources */ = {isa = PBXBuildFile; fileRef = DEFE45B31921CEF2001EC193 /* Biorhythm_spash_640x1136.png */; };
		DEFE45B71921E0B8001EC193 /* logo.png in Resources */ = {isa = PBXBuildFile; fileRef = DEFE45B61921E0B8001EC193 /* logo.png */; };
		DEFE45B919220D3A001EC193 /* repickDateBtn_50x50.png in Resources */ = {isa = PBXBuildFile; fileRef = DEFE45B819220D3A001EC193 /* repickDateBtn_50x50.png */; };
		DEFE45BB19225C5A001EC193 /* getBiorhythmBtn_50x50.png in Resources */ = {isa = PBXBuildFile; fileRef = DEFE45BA19225C5A001EC193 /* getBiorhythmBtn_50x50.png */; };
		DEFE45BD192295C1001EC193 /* yellowpad_102x102.png in Resources */ = {isa = PBXBuildFile; fileRef = DEFE45BC192295C1001EC193 /* yellowpad_102x102.png */; };
		DEFE45C1192295CC001EC193 /* emptypad_102x102.png in Resources */ = {isa = PBXBuildFile; fileRef = DEFE45BE192295CC001EC193 /* emptypad_102x102.png */; };
		DEFE45C2192295CC001EC193 /* greenpad_102x102.png in Resources */ = {isa = PBXBuildFile; fileRef = DEFE45BF192295CC001EC193 /* greenpad_102x102.png */; };
		DEFE45C3192295CC001EC193 /* redpad_102x102.png in Resources */ = {isa = PBXBuildFile; fileRef = DEFE45C0192295CC001EC193 /* redpad_102x102.png */; };
/* End PBXBuildFile section */

/* Begin PBXContainerItemProxy section */
		DEFE459719218736001EC193 /* PBXContainerItemProxy */ = {
			isa = PBXContainerItemProxy;
			containerPortal = DEFE456919218736001EC193 /* Project object */;
			proxyType = 1;
			remoteGlobalIDString = DEFE457019218736001EC193;
			remoteInfo = biorhythm;
		};
/* End PBXContainerItemProxy section */

/* Begin PBXFileReference section */
		DEB44B781922AA1E000B7DD0 /* Default.png */ = {isa = PBXFileReference; lastKnownFileType = image.png; name = Default.png; path = art/Default.png; sourceTree = "<group>"; };
		DEB44B7B1923DB3C000B7DD0 /* 1_bot_oct.caf */ = {isa = PBXFileReference; lastKnownFileType = file; name = 1_bot_oct.caf; path = audio/1_bot_oct.caf; sourceTree = "<group>"; };
		DEB44B7C1923DB3C000B7DD0 /* 1_top_oct.caf */ = {isa = PBXFileReference; lastKnownFileType = file; name = 1_top_oct.caf; path = audio/1_top_oct.caf; sourceTree = "<group>"; };
		DEB44B7D1923DB3C000B7DD0 /* 4_bot_oct.caf */ = {isa = PBXFileReference; lastKnownFileType = file; name = 4_bot_oct.caf; path = audio/4_bot_oct.caf; sourceTree = "<group>"; };
		DEB44B7E1923DB3C000B7DD0 /* 4_top_oct.caf */ = {isa = PBXFileReference; lastKnownFileType = file; name = 4_top_oct.caf; path = audio/4_top_oct.caf; sourceTree = "<group>"; };
		DEB44B7F1923DB3C000B7DD0 /* 7_bot_oct.caf */ = {isa = PBXFileReference; lastKnownFileType = file; name = 7_bot_oct.caf; path = audio/7_bot_oct.caf; sourceTree = "<group>"; };
		DEB44B801923DB3C000B7DD0 /* 7_top_oct.caf */ = {isa = PBXFileReference; lastKnownFileType = file; name = 7_top_oct.caf; path = audio/7_top_oct.caf; sourceTree = "<group>"; };
		DEB44B811923DB3C000B7DD0 /* 11_bot_oct.caf */ = {isa = PBXFileReference; lastKnownFileType = file; name = 11_bot_oct.caf; path = audio/11_bot_oct.caf; sourceTree = "<group>"; };
		DEB44B821923DB3C000B7DD0 /* 11_top_oct.caf */ = {isa = PBXFileReference; lastKnownFileType = file; name = 11_top_oct.caf; path = audio/11_top_oct.caf; sourceTree = "<group>"; };
		DEB44B831923DB3C000B7DD0 /* background_drone.caf */ = {isa = PBXFileReference; lastKnownFileType = file; name = background_drone.caf; path = audio/background_drone.caf; sourceTree = "<group>"; };
		DEB44B841923DF94000B7DD0 /* AudioToolbox.framework */ = {isa = PBXFileReference; lastKnownFileType = wrapper.framework; name = AudioToolbox.framework; path = System/Library/Frameworks/AudioToolbox.framework; sourceTree = SDKROOT; };
		DEB44B8F1923E984000B7DD0 /* AVFoundation.framework */ = {isa = PBXFileReference; lastKnownFileType = wrapper.framework; name = AVFoundation.framework; path = System/Library/Frameworks/AVFoundation.framework; sourceTree = SDKROOT; };
		DEB44B9419241A65000B7DD0 /* bottomBtn.caf */ = {isa = PBXFileReference; lastKnownFileType = file; name = bottomBtn.caf; path = audio/bottomBtn.caf; sourceTree = "<group>"; };
		DEB44B96192434D3000B7DD0 /* emotional_50x50.png */ = {isa = PBXFileReference; lastKnownFileType = image.png; name = emotional_50x50.png; path = art/emotional_50x50.png; sourceTree = "<group>"; };
		DEB44B97192434D3000B7DD0 /* intel_50x50.png */ = {isa = PBXFileReference; lastKnownFileType = image.png; name = intel_50x50.png; path = art/intel_50x50.png; sourceTree = "<group>"; };
		DEB44B98192434D3000B7DD0 /* physical_50x50.png */ = {isa = PBXFileReference; lastKnownFileType = image.png; name = physical_50x50.png; path = art/physical_50x50.png; sourceTree = "<group>"; };
		DEB44B9C192477BC000B7DD0 /* icon.png */ = {isa = PBXFileReference; lastKnownFileType = image.png; name = icon.png; path = art/icon.png; sourceTree = "<group>"; };
		DEB44BA319250E12000B7DD0 /* en */ = {isa = PBXFileReference; lastKnownFileType = file.storyboard; name = en; path = en.lproj/Main.storyboard; sourceTree = "<group>"; };
		DEFE457119218736001EC193 /* biorhythm.app */ = {isa = PBXFileReference; explicitFileType = wrapper.application; includeInIndex = 0; path = biorhythm.app; sourceTree = BUILT_PRODUCTS_DIR; };
		DEFE457419218736001EC193 /* Foundation.framework */ = {isa = PBXFileReference; lastKnownFileType = wrapper.framework; name = Foundation.framework; path = System/Library/Frameworks/Foundation.framework; sourceTree = SDKROOT; };
		DEFE457619218736001EC193 /* CoreGraphics.framework */ = {isa = PBXFileReference; lastKnownFileType = wrapper.framework; name = CoreGraphics.framework; path = System/Library/Frameworks/CoreGraphics.framework; sourceTree = SDKROOT; };
		DEFE457819218736001EC193 /* UIKit.framework */ = {isa = PBXFileReference; lastKnownFileType = wrapper.framework; name = UIKit.framework; path = System/Library/Frameworks/UIKit.framework; sourceTree = SDKROOT; };
		DEFE457C19218736001EC193 /* biorhythm-Info.plist */ = {isa = PBXFileReference; lastKnownFileType = text.plist.xml; path = "biorhythm-Info.plist"; sourceTree = "<group>"; };
		DEFE457E19218736001EC193 /* en */ = {isa = PBXFileReference; lastKnownFileType = text.plist.strings; name = en; path = en.lproj/InfoPlist.strings; sourceTree = "<group>"; };
		DEFE458019218736001EC193 /* main.m */ = {isa = PBXFileReference; lastKnownFileType = sourcecode.c.objc; path = main.m; sourceTree = "<group>"; };
		DEFE458219218736001EC193 /* biorhythm-Prefix.pch */ = {isa = PBXFileReference; lastKnownFileType = sourcecode.c.h; path = "biorhythm-Prefix.pch"; sourceTree = "<group>"; };
		DEFE458319218736001EC193 /* NATAppDelegate.h */ = {isa = PBXFileReference; lastKnownFileType = sourcecode.c.h; path = NATAppDelegate.h; sourceTree = "<group>"; };
		DEFE458419218736001EC193 /* NATAppDelegate.m */ = {isa = PBXFileReference; lastKnownFileType = sourcecode.c.objc; path = NATAppDelegate.m; sourceTree = "<group>"; };
		DEFE458919218736001EC193 /* NATViewController.h */ = {isa = PBXFileReference; lastKnownFileType = sourcecode.c.h; path = NATViewController.h; sourceTree = "<group>"; };
		DEFE458A19218736001EC193 /* NATViewController.m */ = {isa = PBXFileReference; lastKnownFileType = sourcecode.c.objc; path = NATViewController.m; sourceTree = "<group>"; };
		DEFE458C19218736001EC193 /* Images.xcassets */ = {isa = PBXFileReference; lastKnownFileType = folder.assetcatalog; path = Images.xcassets; sourceTree = "<group>"; };
		DEFE459219218736001EC193 /* biorhythmTests.xctest */ = {isa = PBXFileReference; explicitFileType = wrapper.cfbundle; includeInIndex = 0; path = biorhythmTests.xctest; sourceTree = BUILT_PRODUCTS_DIR; };
		DEFE459319218736001EC193 /* XCTest.framework */ = {isa = PBXFileReference; lastKnownFileType = wrapper.framework; name = XCTest.framework; path = Library/Frameworks/XCTest.framework; sourceTree = DEVELOPER_DIR; };
		DEFE459B19218736001EC193 /* biorhythmTests-Info.plist */ = {isa = PBXFileReference; lastKnownFileType = text.plist.xml; path = "biorhythmTests-Info.plist"; sourceTree = "<group>"; };
		DEFE459D19218736001EC193 /* en */ = {isa = PBXFileReference; lastKnownFileType = text.plist.strings; name = en; path = en.lproj/InfoPlist.strings; sourceTree = "<group>"; };
		DEFE459F19218736001EC193 /* biorhythmTests.m */ = {isa = PBXFileReference; lastKnownFileType = sourcecode.c.objc; path = biorhythmTests.m; sourceTree = "<group>"; };
		DEFE45B21921CEF2001EC193 /* Biorhythm_spash_640x960.png */ = {isa = PBXFileReference; lastKnownFileType = image.png; name = Biorhythm_spash_640x960.png; path = art/Biorhythm_spash_640x960.png; sourceTree = "<group>"; };
		DEFE45B31921CEF2001EC193 /* Biorhythm_spash_640x1136.png */ = {isa = PBXFileReference; lastKnownFileType = image.png; name = Biorhythm_spash_640x1136.png; path = art/Biorhythm_spash_640x1136.png; sourceTree = "<group>"; };
		DEFE45B61921E0B8001EC193 /* logo.png */ = {isa = PBXFileReference; lastKnownFileType = image.png; name = logo.png; path = art/logo.png; sourceTree = "<group>"; };
		DEFE45B819220D3A001EC193 /* repickDateBtn_50x50.png */ = {isa = PBXFileReference; lastKnownFileType = image.png; name = repickDateBtn_50x50.png; path = art/repickDateBtn_50x50.png; sourceTree = "<group>"; };
		DEFE45BA19225C5A001EC193 /* getBiorhythmBtn_50x50.png */ = {isa = PBXFileReference; lastKnownFileType = image.png; name = getBiorhythmBtn_50x50.png; path = art/getBiorhythmBtn_50x50.png; sourceTree = "<group>"; };
		DEFE45BC192295C1001EC193 /* yellowpad_102x102.png */ = {isa = PBXFileReference; lastKnownFileType = image.png; name = yellowpad_102x102.png; path = art/yellowpad_102x102.png; sourceTree = "<group>"; };
		DEFE45BE192295CC001EC193 /* emptypad_102x102.png */ = {isa = PBXFileReference; lastKnownFileType = image.png; name = emptypad_102x102.png; path = art/emptypad_102x102.png; sourceTree = "<group>"; };
		DEFE45BF192295CC001EC193 /* greenpad_102x102.png */ = {isa = PBXFileReference; lastKnownFileType = image.png; name = greenpad_102x102.png; path = art/greenpad_102x102.png; sourceTree = "<group>"; };
		DEFE45C0192295CC001EC193 /* redpad_102x102.png */ = {isa = PBXFileReference; lastKnownFileType = image.png; name = redpad_102x102.png; path = art/redpad_102x102.png; sourceTree = "<group>"; };
/* End PBXFileReference section */

/* Begin PBXFrameworksBuildPhase section */
		DEFE456E19218736001EC193 /* Frameworks */ = {
			isa = PBXFrameworksBuildPhase;
			buildActionMask = 2147483647;
			files = (
				DEB44B901923E984000B7DD0 /* AVFoundation.framework in Frameworks */,
				DEB44B851923DF94000B7DD0 /* AudioToolbox.framework in Frameworks */,
				DEFE457719218736001EC193 /* CoreGraphics.framework in Frameworks */,
				DEFE457919218736001EC193 /* UIKit.framework in Frameworks */,
				DEFE457519218736001EC193 /* Foundation.framework in Frameworks */,
			);
			runOnlyForDeploymentPostprocessing = 0;
		};
		DEFE458F19218736001EC193 /* Frameworks */ = {
			isa = PBXFrameworksBuildPhase;
			buildActionMask = 2147483647;
			files = (
				DEFE459419218736001EC193 /* XCTest.framework in Frameworks */,
				DEFE459619218736001EC193 /* UIKit.framework in Frameworks */,
				DEFE459519218736001EC193 /* Foundation.framework in Frameworks */,
			);
			runOnlyForDeploymentPostprocessing = 0;
		};
/* End PBXFrameworksBuildPhase section */

/* Begin PBXGroup section */
		DEB44B7A1923DB22000B7DD0 /* audio */ = {
			isa = PBXGroup;
			children = (
				DEB44B7B1923DB3C000B7DD0 /* 1_bot_oct.caf */,
				DEB44B7C1923DB3C000B7DD0 /* 1_top_oct.caf */,
				DEB44B7D1923DB3C000B7DD0 /* 4_bot_oct.caf */,
				DEB44B9419241A65000B7DD0 /* bottomBtn.caf */,
				DEB44B7E1923DB3C000B7DD0 /* 4_top_oct.caf */,
				DEB44B7F1923DB3C000B7DD0 /* 7_bot_oct.caf */,
				DEB44B801923DB3C000B7DD0 /* 7_top_oct.caf */,
				DEB44B811923DB3C000B7DD0 /* 11_bot_oct.caf */,
				DEB44B821923DB3C000B7DD0 /* 11_top_oct.caf */,
				DEB44B831923DB3C000B7DD0 /* background_drone.caf */,
			);
			name = audio;
			sourceTree = "<group>";
		};
		DEFE456819218736001EC193 = {
			isa = PBXGroup;
			children = (
				DEB44B7A1923DB22000B7DD0 /* audio */,
				DEFE45A91921C72D001EC193 /* art */,
				DEFE457A19218736001EC193 /* biorhythm */,
				DEFE459919218736001EC193 /* biorhythmTests */,
				DEFE457319218736001EC193 /* Frameworks */,
				DEFE457219218736001EC193 /* Products */,
			);
			sourceTree = "<group>";
		};
		DEFE457219218736001EC193 /* Products */ = {
			isa = PBXGroup;
			children = (
				DEFE457119218736001EC193 /* biorhythm.app */,
				DEFE459219218736001EC193 /* biorhythmTests.xctest */,
			);
			name = Products;
			sourceTree = "<group>";
		};
		DEFE457319218736001EC193 /* Frameworks */ = {
			isa = PBXGroup;
			children = (
				DEB44B8F1923E984000B7DD0 /* AVFoundation.framework */,
				DEB44B841923DF94000B7DD0 /* AudioToolbox.framework */,
				DEFE457419218736001EC193 /* Foundation.framework */,
				DEFE457619218736001EC193 /* CoreGraphics.framework */,
				DEFE457819218736001EC193 /* UIKit.framework */,
				DEFE459319218736001EC193 /* XCTest.framework */,
			);
			name = Frameworks;
			sourceTree = "<group>";
		};
		DEFE457A19218736001EC193 /* biorhythm */ = {
			isa = PBXGroup;
			children = (
				DEFE458319218736001EC193 /* NATAppDelegate.h */,
				DEFE458419218736001EC193 /* NATAppDelegate.m */,
				DEFE458619218736001EC193 /* Main.storyboard */,
				DEFE458919218736001EC193 /* NATViewController.h */,
				DEFE458A19218736001EC193 /* NATViewController.m */,
				DEFE458C19218736001EC193 /* Images.xcassets */,
				DEFE457B19218736001EC193 /* Supporting Files */,
			);
			path = biorhythm;
			sourceTree = "<group>";
		};
		DEFE457B19218736001EC193 /* Supporting Files */ = {
			isa = PBXGroup;
			children = (
				DEFE457C19218736001EC193 /* biorhythm-Info.plist */,
				DEFE457D19218736001EC193 /* InfoPlist.strings */,
				DEFE458019218736001EC193 /* main.m */,
				DEFE458219218736001EC193 /* biorhythm-Prefix.pch */,
			);
			name = "Supporting Files";
			sourceTree = "<group>";
		};
		DEFE459919218736001EC193 /* biorhythmTests */ = {
			isa = PBXGroup;
			children = (
				DEFE459A19218736001EC193 /* Supporting Files */,
				DEFE459F19218736001EC193 /* biorhythmTests.m */,
			);
			path = biorhythmTests;
			sourceTree = "<group>";
		};
		DEFE459A19218736001EC193 /* Supporting Files */ = {
			isa = PBXGroup;
			children = (
				DEFE459B19218736001EC193 /* biorhythmTests-Info.plist */,
				DEFE459C19218736001EC193 /* InfoPlist.strings */,
			);
			name = "Supporting Files";
			sourceTree = "<group>";
		};
		DEFE45A91921C72D001EC193 /* art */ = {
			isa = PBXGroup;
			children = (
				DEB44B9C192477BC000B7DD0 /* icon.png */,
				DEB44B781922AA1E000B7DD0 /* Default.png */,
				DEFE45BC192295C1001EC193 /* yellowpad_102x102.png */,
				DEFE45B819220D3A001EC193 /* repickDateBtn_50x50.png */,
				DEB44B96192434D3000B7DD0 /* emotional_50x50.png */,
				DEB44B97192434D3000B7DD0 /* intel_50x50.png */,
				DEB44B98192434D3000B7DD0 /* physical_50x50.png */,
				DEFE45BA19225C5A001EC193 /* getBiorhythmBtn_50x50.png */,
				DEFE45BE192295CC001EC193 /* emptypad_102x102.png */,
				DEFE45BF192295CC001EC193 /* greenpad_102x102.png */,
				DEFE45C0192295CC001EC193 /* redpad_102x102.png */,
				DEFE45B61921E0B8001EC193 /* logo.png */,
				DEFE45B21921CEF2001EC193 /* Biorhythm_spash_640x960.png */,
				DEFE45B31921CEF2001EC193 /* Biorhythm_spash_640x1136.png */,
			);
			name = art;
			sourceTree = "<group>";
		};
/* End PBXGroup section */

/* Begin PBXNativeTarget section */
		DEFE457019218736001EC193 /* biorhythm */ = {
			isa = PBXNativeTarget;
			buildConfigurationList = DEFE45A319218736001EC193 /* Build configuration list for PBXNativeTarget "biorhythm" */;
			buildPhases = (
				DEFE456D19218736001EC193 /* Sources */,
				DEFE456E19218736001EC193 /* Frameworks */,
				DEFE456F19218736001EC193 /* Resources */,
			);
			buildRules = (
			);
			dependencies = (
			);
			name = biorhythm;
			productName = biorhythm;
			productReference = DEFE457119218736001EC193 /* biorhythm.app */;
			productType = "com.apple.product-type.application";
		};
		DEFE459119218736001EC193 /* biorhythmTests */ = {
			isa = PBXNativeTarget;
			buildConfigurationList = DEFE45A619218736001EC193 /* Build configuration list for PBXNativeTarget "biorhythmTests" */;
			buildPhases = (
				DEFE458E19218736001EC193 /* Sources */,
				DEFE458F19218736001EC193 /* Frameworks */,
				DEFE459019218736001EC193 /* Resources */,
			);
			buildRules = (
			);
			dependencies = (
				DEFE459819218736001EC193 /* PBXTargetDependency */,
			);
			name = biorhythmTests;
			productName = biorhythmTests;
			productReference = DEFE459219218736001EC193 /* biorhythmTests.xctest */;
			productType = "com.apple.product-type.bundle.unit-test";
		};
/* End PBXNativeTarget section */

/* Begin PBXProject section */
		DEFE456919218736001EC193 /* Project object */ = {
			isa = PBXProject;
			attributes = {
				CLASSPREFIX = NAT;
				LastUpgradeCheck = 0510;
				ORGANIZATIONNAME = "Nate Berman";
				TargetAttributes = {
					DEFE457019218736001EC193 = {
						DevelopmentTeam = 3PKZKPLP8U;
					};
					DEFE459119218736001EC193 = {
						TestTargetID = DEFE457019218736001EC193;
					};
				};
			};
			buildConfigurationList = DEFE456C19218736001EC193 /* Build configuration list for PBXProject "biorhythm" */;
			compatibilityVersion = "Xcode 3.2";
			developmentRegion = English;
			hasScannedForEncodings = 0;
			knownRegions = (
				en,
				Base,
			);
			mainGroup = DEFE456819218736001EC193;
			productRefGroup = DEFE457219218736001EC193 /* Products */;
			projectDirPath = "";
			projectRoot = "";
			targets = (
				DEFE457019218736001EC193 /* biorhythm */,
				DEFE459119218736001EC193 /* biorhythmTests */,
			);
		};
/* End PBXProject section */

/* Begin PBXResourcesBuildPhase section */
		DEFE456F19218736001EC193 /* Resources */ = {
			isa = PBXResourcesBuildPhase;
			buildActionMask = 2147483647;
			files = (
				DEB44B861923E87D000B7DD0 /* 1_bot_oct.caf in Resources */,
				DEB44B871923E87D000B7DD0 /* 1_top_oct.caf in Resources */,
				DEB44B9D192477BC000B7DD0 /* icon.png in Resources */,
				DEB44B9519241A71000B7DD0 /* bottomBtn.caf in Resources */,
				DEB44B881923E87D000B7DD0 /* 4_bot_oct.caf in Resources */,
				DEB44B891923E87D000B7DD0 /* 4_top_oct.caf in Resources */,
				DEB44B8A1923E87D000B7DD0 /* 7_bot_oct.caf in Resources */,
				DEB44B8B1923E87D000B7DD0 /* 7_top_oct.caf in Resources */,
				DEB44B99192434D3000B7DD0 /* emotional_50x50.png in Resources */,
				DEB44B8C1923E87D000B7DD0 /* 11_bot_oct.caf in Resources */,
				DEB44B8D1923E87D000B7DD0 /* 11_top_oct.caf in Resources */,
				DEB44B8E1923E87D000B7DD0 /* background_drone.caf in Resources */,
				DEB44B9A192434D3000B7DD0 /* intel_50x50.png in Resources */,
				DEFE45C2192295CC001EC193 /* greenpad_102x102.png in Resources */,
				DEFE458D19218736001EC193 /* Images.xcassets in Resources */,
				DEFE45C3192295CC001EC193 /* redpad_102x102.png in Resources */,
				DEFE45B51921CEF2001EC193 /* Biorhythm_spash_640x1136.png in Resources */,
				DEFE45B71921E0B8001EC193 /* logo.png in Resources */,
				DEB44B9B192434D3000B7DD0 /* physical_50x50.png in Resources */,
				DEFE457F19218736001EC193 /* InfoPlist.strings in Resources */,
				DEFE45C1192295CC001EC193 /* emptypad_102x102.png in Resources */,
				DEB44B791922AA1E000B7DD0 /* Default.png in Resources */,
				DEFE45BD192295C1001EC193 /* yellowpad_102x102.png in Resources */,
				DEFE45B919220D3A001EC193 /* repickDateBtn_50x50.png in Resources */,
				DEFE45B41921CEF2001EC193 /* Biorhythm_spash_640x960.png in Resources */,
				DEFE458819218736001EC193 /* Main.storyboard in Resources */,
				DEFE45BB19225C5A001EC193 /* getBiorhythmBtn_50x50.png in Resources */,
			);
			runOnlyForDeploymentPostprocessing = 0;
		};
		DEFE459019218736001EC193 /* Resources */ = {
			isa = PBXResourcesBuildPhase;
			buildActionMask = 2147483647;
			files = (
				DEFE459E19218736001EC193 /* InfoPlist.strings in Resources */,
			);
			runOnlyForDeploymentPostprocessing = 0;
		};
/* End PBXResourcesBuildPhase section */

/* Begin PBXSourcesBuildPhase section */
		DEFE456D19218736001EC193 /* Sources */ = {
			isa = PBXSourcesBuildPhase;
			buildActionMask = 2147483647;
			files = (
				DEFE458519218736001EC193 /* NATAppDelegate.m in Sources */,
				DEFE458B19218736001EC193 /* NATViewController.m in Sources */,
				DEFE458119218736001EC193 /* main.m in Sources */,
			);
			runOnlyForDeploymentPostprocessing = 0;
		};
		DEFE458E19218736001EC193 /* Sources */ = {
			isa = PBXSourcesBuildPhase;
			buildActionMask = 2147483647;
			files = (
				DEFE45A019218736001EC193 /* biorhythmTests.m in Sources */,
			);
			runOnlyForDeploymentPostprocessing = 0;
		};
/* End PBXSourcesBuildPhase section */

/* Begin PBXTargetDependency section */
		DEFE459819218736001EC193 /* PBXTargetDependency */ = {
			isa = PBXTargetDependency;
			target = DEFE457019218736001EC193 /* biorhythm */;
			targetProxy = DEFE459719218736001EC193 /* PBXContainerItemProxy */;
		};
/* End PBXTargetDependency section */

/* Begin PBXVariantGroup section */
		DEFE457D19218736001EC193 /* InfoPlist.strings */ = {
			isa = PBXVariantGroup;
			children = (
				DEFE457E19218736001EC193 /* en */,
			);
			name = InfoPlist.strings;
			sourceTree = "<group>";
		};
		DEFE458619218736001EC193 /* Main.storyboard */ = {
			isa = PBXVariantGroup;
			children = (
				DEB44BA319250E12000B7DD0 /* en */,
			);
			name = Main.storyboard;
			sourceTree = "<group>";
		};
		DEFE459C19218736001EC193 /* InfoPlist.strings */ = {
			isa = PBXVariantGroup;
			children = (
				DEFE459D19218736001EC193 /* en */,
			);
			name = InfoPlist.strings;
			sourceTree = "<group>";
		};
/* End PBXVariantGroup section */

/* Begin XCBuildConfiguration section */
		DEFE45A119218736001EC193 /* Debug */ = {
			isa = XCBuildConfiguration;
			buildSettings = {
				ALWAYS_SEARCH_USER_PATHS = NO;
				CLANG_CXX_LANGUAGE_STANDARD = "gnu++0x";
				CLANG_CXX_LIBRARY = "libc++";
				CLANG_ENABLE_MODULES = YES;
				CLANG_ENABLE_OBJC_ARC = YES;
				CLANG_WARN_BOOL_CONVERSION = YES;
				CLANG_WARN_CONSTANT_CONVERSION = YES;
				CLANG_WARN_DIRECT_OBJC_ISA_USAGE = YES_ERROR;
				CLANG_WARN_EMPTY_BODY = YES;
				CLANG_WARN_ENUM_CONVERSION = YES;
				CLANG_WARN_INT_CONVERSION = YES;
				CLANG_WARN_OBJC_ROOT_CLASS = YES_ERROR;
				CLANG_WARN__DUPLICATE_METHOD_MATCH = YES;
				"CODE_SIGN_IDENTITY[sdk=iphoneos*]" = "iPhone Developer";
				COPY_PHASE_STRIP = NO;
				GCC_C_LANGUAGE_STANDARD = gnu99;
				GCC_DYNAMIC_NO_PIC = NO;
				GCC_OPTIMIZATION_LEVEL = 0;
				GCC_PREPROCESSOR_DEFINITIONS = (
					"DEBUG=1",
					"$(inherited)",
				);
				GCC_SYMBOLS_PRIVATE_EXTERN = NO;
				GCC_WARN_64_TO_32_BIT_CONVERSION = YES;
				GCC_WARN_ABOUT_RETURN_TYPE = YES_ERROR;
				GCC_WARN_UNDECLARED_SELECTOR = YES;
				GCC_WARN_UNINITIALIZED_AUTOS = YES_AGGRESSIVE;
				GCC_WARN_UNUSED_FUNCTION = YES;
				GCC_WARN_UNUSED_VARIABLE = YES;
				IPHONEOS_DEPLOYMENT_TARGET = 5.0;
				ONLY_ACTIVE_ARCH = YES;
				SDKROOT = iphoneos;
			};
			name = Debug;
		};
		DEFE45A219218736001EC193 /* Release */ = {
			isa = XCBuildConfiguration;
			buildSettings = {
				ALWAYS_SEARCH_USER_PATHS = NO;
				CLANG_CXX_LANGUAGE_STANDARD = "gnu++0x";
				CLANG_CXX_LIBRARY = "libc++";
				CLANG_ENABLE_MODULES = YES;
				CLANG_ENABLE_OBJC_ARC = YES;
				CLANG_WARN_BOOL_CONVERSION = YES;
				CLANG_WARN_CONSTANT_CONVERSION = YES;
				CLANG_WARN_DIRECT_OBJC_ISA_USAGE = YES_ERROR;
				CLANG_WARN_EMPTY_BODY = YES;
				CLANG_WARN_ENUM_CONVERSION = YES;
				CLANG_WARN_INT_CONVERSION = YES;
				CLANG_WARN_OBJC_ROOT_CLASS = YES_ERROR;
				CLANG_WARN__DUPLICATE_METHOD_MATCH = YES;
				"CODE_SIGN_IDENTITY[sdk=iphoneos*]" = "iPhone Developer";
				COPY_PHASE_STRIP = YES;
				ENABLE_NS_ASSERTIONS = NO;
				GCC_C_LANGUAGE_STANDARD = gnu99;
				GCC_WARN_64_TO_32_BIT_CONVERSION = YES;
				GCC_WARN_ABOUT_RETURN_TYPE = YES_ERROR;
				GCC_WARN_UNDECLARED_SELECTOR = YES;
				GCC_WARN_UNINITIALIZED_AUTOS = YES_AGGRESSIVE;
				GCC_WARN_UNUSED_FUNCTION = YES;
				GCC_WARN_UNUSED_VARIABLE = YES;
				IPHONEOS_DEPLOYMENT_TARGET = 5.0;
				ONLY_ACTIVE_ARCH = YES;
				SDKROOT = iphoneos;
				VALIDATE_PRODUCT = YES;
			};
			name = Release;
		};
		DEFE45A419218736001EC193 /* Debug */ = {
			isa = XCBuildConfiguration;
			buildSettings = {
				ASSETCATALOG_COMPILER_APPICON_NAME = AppIcon;
				ASSETCATALOG_COMPILER_LAUNCHIMAGE_NAME = LaunchImage;
				CODE_SIGN_IDENTITY = "iPhone Developer";
				"CODE_SIGN_IDENTITY[sdk=iphoneos*]" = "iPhone Developer";
				GCC_PRECOMPILE_PREFIX_HEADER = YES;
				GCC_PREFIX_HEADER = "biorhythm/biorhythm-Prefix.pch";
				INFOPLIST_FILE = "biorhythm/biorhythm-Info.plist";
				IPHONEOS_DEPLOYMENT_TARGET = 5.0;
				PRODUCT_NAME = "$(TARGET_NAME)";
				PROVISIONING_PROFILE = "";
				WRAPPER_EXTENSION = app;
			};
			name = Debug;
		};
		DEFE45A519218736001EC193 /* Release */ = {
			isa = XCBuildConfiguration;
			buildSettings = {
				ASSETCATALOG_COMPILER_APPICON_NAME = AppIcon;
				ASSETCATALOG_COMPILER_LAUNCHIMAGE_NAME = LaunchImage;
				CODE_SIGN_IDENTITY = "iPhone Developer";
				"CODE_SIGN_IDENTITY[sdk=iphoneos*]" = "iPhone Developer";
				GCC_PRECOMPILE_PREFIX_HEADER = YES;
				GCC_PREFIX_HEADER = "biorhythm/biorhythm-Prefix.pch";
				INFOPLIST_FILE = "biorhythm/biorhythm-Info.plist";
				IPHONEOS_DEPLOYMENT_TARGET = 5.0;
				PRODUCT_NAME = "$(TARGET_NAME)";
				PROVISIONING_PROFILE = "";
				WRAPPER_EXTENSION = app;
			};
			name = Release;
		};
		DEFE45A719218736001EC193 /* Debug */ = {
			isa = XCBuildConfiguration;
			buildSettings = {
				BUNDLE_LOADER = "$(BUILT_PRODUCTS_DIR)/biorhythm.app/biorhythm";
				FRAMEWORK_SEARCH_PATHS = (
					"$(SDKROOT)/Developer/Library/Frameworks",
					"$(inherited)",
					"$(DEVELOPER_FRAMEWORKS_DIR)",
				);
				GCC_PRECOMPILE_PREFIX_HEADER = YES;
				GCC_PREFIX_HEADER = "biorhythm/biorhythm-Prefix.pch";
				GCC_PREPROCESSOR_DEFINITIONS = (
					"DEBUG=1",
					"$(inherited)",
				);
				INFOPLIST_FILE = "biorhythmTests/biorhythmTests-Info.plist";
				PRODUCT_NAME = "$(TARGET_NAME)";
				TEST_HOST = "$(BUNDLE_LOADER)";
				WRAPPER_EXTENSION = xctest;
			};
			name = Debug;
		};
		DEFE45A819218736001EC193 /* Release */ = {
			isa = XCBuildConfiguration;
			buildSettings = {
				BUNDLE_LOADER = "$(BUILT_PRODUCTS_DIR)/biorhythm.app/biorhythm";
				FRAMEWORK_SEARCH_PATHS = (
					"$(SDKROOT)/Developer/Library/Frameworks",
					"$(inherited)",
					"$(DEVELOPER_FRAMEWORKS_DIR)",
				);
				GCC_PRECOMPILE_PREFIX_HEADER = YES;
				GCC_PREFIX_HEADER = "biorhythm/biorhythm-Prefix.pch";
				INFOPLIST_FILE = "biorhythmTests/biorhythmTests-Info.plist";
				PRODUCT_NAME = "$(TARGET_NAME)";
				TEST_HOST = "$(BUNDLE_LOADER)";
				WRAPPER_EXTENSION = xctest;
			};
			name = Release;
		};
/* End XCBuildConfiguration section */

/* Begin XCConfigurationList section */
		DEFE456C19218736001EC193 /* Build configuration list for PBXProject "biorhythm" */ = {
			isa = XCConfigurationList;
			buildConfigurations = (
				DEFE45A119218736001EC193 /* Debug */,
				DEFE45A219218736001EC193 /* Release */,
			);
			defaultConfigurationIsVisible = 0;
			defaultConfigurationName = Release;
		};
		DEFE45A319218736001EC193 /* Build configuration list for PBXNativeTarget "biorhythm" */ = {
			isa = XCConfigurationList;
			buildConfigurations = (
				DEFE45A419218736001EC193 /* Debug */,
				DEFE45A519218736001EC193 /* Release */,
			);
			defaultConfigurationIsVisible = 0;
			defaultConfigurationName = Release;
		};
		DEFE45A619218736001EC193 /* Build configuration list for PBXNativeTarget "biorhythmTests" */ = {
			isa = XCConfigurationList;
			buildConfigurations = (
				DEFE45A719218736001EC193 /* Debug */,
				DEFE45A819218736001EC193 /* Release */,
			);
			defaultConfigurationIsVisible = 0;
			defaultConfigurationName = Release;
		};
/* End XCConfigurationList section */
	};
	rootObject = DEFE456919218736001EC193 /* Project object */;
}
